{
  "name": "@kinolanka/stylelint-config",
  "version": "0.0.1",
  "lockfileVersion": 1,
  "requires": true,
  "dependencies": {
    "stylelint-config-recommended": {
      "version": "10.0.1",
      "resolved": "https://registry.npmjs.org/stylelint-config-recommended/-/stylelint-config-recommended-10.0.1.tgz",
      "integrity": "sha512-TQ4xQ48tW4QSlODcti7pgSRqBZcUaBzuh0jPpfiMhwJKBPkqzTIAU+IrSWL/7BgXlOM90DjB7YaNgFpx8QWhuA=="
    },
    "stylelint-config-standard": {
      "version": "30.0.1",
      "resolved": "https://registry.npmjs.org/stylelint-config-standard/-/stylelint-config-standard-30.0.1.tgz",
      "integrity": "sha512-NbeHOmpRQhjZh5XB1B/S4MLRWvz4xxAxeDBjzl0tY2xEcayNhLbaRGF0ZQzq+DQZLCcPpOHeS2Ru1ydbkhkmLg==",
      "requires": {
        "stylelint-config-recommended": "^10.0.1"
      }
    }
  }
}
